{
  "name": "Tetridle2",
  "lockfileVersion": 3,
  "requires": true,
  "packages": {
    "": {
      "dependencies": {
        "keymaster": "^1.6.2"
      }
    },
    "node_modules/keymaster": {
      "version": "1.6.2",
      "resolved": "https://registry.npmjs.org/keymaster/-/keymaster-1.6.2.tgz",
      "integrity": "sha512-OvA/AALN8IDKKkTk2Z+bDrzs/SQao4lo/QPbwSdDvm+frxfiYiYCSn1aHFUypJY3SruAO1y/c771agBmTXqUtg=="
    }
  }
}
