
Microsoft Visual Studio Solution File, Format Version 12.00
# Visual Studio Version 17
VisualStudioVersion = 17.8.34330.188
MinimumVisualStudioVersion = 10.0.40219.1
Project("{FAE04EC0-301F-11D3-BF4B-00C04F79EFBC}") = "Tetridle2.Server", "Tetridle2.Server\Tetridle2.Server.csproj", "{F6976F3E-8201-4E27-AD08-ACD5116AB3A1}"
EndProject
Project("{54A90642-561A-4BB1-A94E-469ADEE60C69}") = "tetridle2.client", "tetridle2.client\tetridle2.client.esproj", "{4260746C-734D-408F-8F0F-C289B3A23780}"
EndProject
Global
	GlobalSection(SolutionConfigurationPlatforms) = preSolution
		Debug|Any CPU = Debug|Any CPU
		Release|Any CPU = Release|Any CPU
	EndGlobalSection
	GlobalSection(ProjectConfigurationPlatforms) = postSolution
		{F6976F3E-8201-4E27-AD08-ACD5116AB3A1}.Debug|Any CPU.ActiveCfg = Debug|Any CPU
		{F6976F3E-8201-4E27-AD08-ACD5116AB3A1}.Debug|Any CPU.Build.0 = Debug|Any CPU
		{F6976F3E-8201-4E27-AD08-ACD5116AB3A1}.Release|Any CPU.ActiveCfg = Release|Any CPU
		{F6976F3E-8201-4E27-AD08-ACD5116AB3A1}.Release|Any CPU.Build.0 = Release|Any CPU
		{4260746C-734D-408F-8F0F-C289B3A23780}.Debug|Any CPU.ActiveCfg = Debug|Any CPU
		{4260746C-734D-408F-8F0F-C289B3A23780}.Debug|Any CPU.Build.0 = Debug|Any CPU
		{4260746C-734D-408F-8F0F-C289B3A23780}.Debug|Any CPU.Deploy.0 = Debug|Any CPU
		{4260746C-734D-408F-8F0F-C289B3A23780}.Release|Any CPU.ActiveCfg = Release|Any CPU
		{4260746C-734D-408F-8F0F-C289B3A23780}.Release|Any CPU.Build.0 = Release|Any CPU
		{4260746C-734D-408F-8F0F-C289B3A23780}.Release|Any CPU.Deploy.0 = Release|Any CPU
	EndGlobalSection
	GlobalSection(SolutionProperties) = preSolution
		HideSolutionNode = FALSE
	EndGlobalSection
	GlobalSection(ExtensibilityGlobals) = postSolution
		SolutionGuid = {75814562-90E3-4653-B94C-17ED3D6E087A}
	EndGlobalSection
EndGlobal
